
Microsoft Visual Studio Solution File, Format Version 12.00
# Visual Studio Version 16
VisualStudioVersion = 16.0.29306.81
MinimumVisualStudioVersion = 10.0.40219.1
Project("{FAE04EC0-301F-11D3-BF4B-00C04F79EFBC}") = "Abilympics5.0", "Abilympics5.0\Abilympics5.0.csproj", "{DB707800-0E9E-4B63-BD90-69DD1EF8D80E}"
EndProject
Global
	GlobalSection(SolutionConfigurationPlatforms) = preSolution
		Debug|Any CPU = Debug|Any CPU
		Release|Any CPU = Release|Any CPU
	EndGlobalSection
	GlobalSection(ProjectConfigurationPlatforms) = postSolution
		{DB707800-0E9E-4B63-BD90-69DD1EF8D80E}.Debug|Any CPU.ActiveCfg = Debug|Any CPU
		{DB707800-0E9E-4B63-BD90-69DD1EF8D80E}.Debug|Any CPU.Build.0 = Debug|Any CPU
		{DB707800-0E9E-4B63-BD90-69DD1EF8D80E}.Release|Any CPU.ActiveCfg = Release|Any CPU
		{DB707800-0E9E-4B63-BD90-69DD1EF8D80E}.Release|Any CPU.Build.0 = Release|Any CPU
	EndGlobalSection
	GlobalSection(SolutionProperties) = preSolution
		HideSolutionNode = FALSE
	EndGlobalSection
	GlobalSection(ExtensibilityGlobals) = postSolution
		SolutionGuid = {C0EF4ACD-05BE-445C-9B00-FCC25E2D881B}
	EndGlobalSection
EndGlobal
